
Microsoft Visual Studio Solution File, Format Version 12.00
# Visual Studio Version 16
VisualStudioVersion = 16.0.29409.12
MinimumVisualStudioVersion = 10.0.40219.1
Project("{888888A0-9F3D-457C-B088-3A5042F75D52}") = "chapter1", "chapter1\chapter1.pyproj", "{A2B6ACD6-975B-4E54-9DD5-72D9080494B9}"
EndProject
Global
	GlobalSection(SolutionConfigurationPlatforms) = preSolution
		Debug|Any CPU = Debug|Any CPU
		Release|Any CPU = Release|Any CPU
	EndGlobalSection
	GlobalSection(ProjectConfigurationPlatforms) = postSolution
		{A2B6ACD6-975B-4E54-9DD5-72D9080494B9}.Debug|Any CPU.ActiveCfg = Debug|Any CPU
		{A2B6ACD6-975B-4E54-9DD5-72D9080494B9}.Release|Any CPU.ActiveCfg = Release|Any CPU
	EndGlobalSection
	GlobalSection(SolutionProperties) = preSolution
		HideSolutionNode = FALSE
	EndGlobalSection
	GlobalSection(ExtensibilityGlobals) = postSolution
		SolutionGuid = {E35AA014-F2A2-4924-A443-2C843671EA57}
	EndGlobalSection
EndGlobal
